
Microsoft Visual Studio Solution File, Format Version 12.00
# Visual Studio Version 17
VisualStudioVersion = 17.13.35919.96 d17.13
MinimumVisualStudioVersion = 10.0.40219.1
Project("{FAE04EC0-301F-11D3-BF4B-00C04F79EFBC}") = "Ecommerce", "Ecommerce\Ecommerce.csproj", "{6A4CB442-CC61-4B51-8F80-E75961D194BE}"
EndProject
Global
	GlobalSection(SolutionConfigurationPlatforms) = preSolution
		Debug|Any CPU = Debug|Any CPU
		Release|Any CPU = Release|Any CPU
	EndGlobalSection
	GlobalSection(ProjectConfigurationPlatforms) = postSolution
		{6A4CB442-CC61-4B51-8F80-E75961D194BE}.Debug|Any CPU.ActiveCfg = Debug|Any CPU
		{6A4CB442-CC61-4B51-8F80-E75961D194BE}.Debug|Any CPU.Build.0 = Debug|Any CPU
		{6A4CB442-CC61-4B51-8F80-E75961D194BE}.Release|Any CPU.ActiveCfg = Release|Any CPU
		{6A4CB442-CC61-4B51-8F80-E75961D194BE}.Release|Any CPU.Build.0 = Release|Any CPU
	EndGlobalSection
	GlobalSection(SolutionProperties) = preSolution
		HideSolutionNode = FALSE
	EndGlobalSection
	GlobalSection(ExtensibilityGlobals) = postSolution
		SolutionGuid = {1269E8F8-3DA6-4F3D-BD0C-514D47B5E4E2}
	EndGlobalSection
EndGlobal
